
Microsoft Visual Studio Solution File, Format Version 12.00
# Visual Studio Version 16
VisualStudioVersion = 16.0.32929.386
MinimumVisualStudioVersion = 10.0.40219.1
Project("{FAE04EC0-301F-11D3-BF4B-00C04F79EFBC}") = "deneme", "deneme\deneme.csproj", "{84237C0B-6C53-4EC1-96BC-F547082E3B1D}"
EndProject
Global
	GlobalSection(SolutionConfigurationPlatforms) = preSolution
		Debug|Any CPU = Debug|Any CPU
		Release|Any CPU = Release|Any CPU
	EndGlobalSection
	GlobalSection(ProjectConfigurationPlatforms) = postSolution
		{84237C0B-6C53-4EC1-96BC-F547082E3B1D}.Debug|Any CPU.ActiveCfg = Debug|Any CPU
		{84237C0B-6C53-4EC1-96BC-F547082E3B1D}.Debug|Any CPU.Build.0 = Debug|Any CPU
		{84237C0B-6C53-4EC1-96BC-F547082E3B1D}.Release|Any CPU.ActiveCfg = Release|Any CPU
		{84237C0B-6C53-4EC1-96BC-F547082E3B1D}.Release|Any CPU.Build.0 = Release|Any CPU
	EndGlobalSection
	GlobalSection(SolutionProperties) = preSolution
		HideSolutionNode = FALSE
	EndGlobalSection
	GlobalSection(ExtensibilityGlobals) = postSolution
		SolutionGuid = {83BEC0C1-3EDC-47E2-8CE0-94F3B859B780}
	EndGlobalSection
EndGlobal
